
Microsoft Visual Studio Solution File, Format Version 12.00
# Visual Studio Version 16
VisualStudioVersion = 16.0.32413.511
MinimumVisualStudioVersion = 10.0.40219.1
Project("{FAE04EC0-301F-11D3-BF4B-00C04F79EFBC}") = "ThuyTienNguyen_C968_InventoryManagement", "ThuyTienNguyen_C968_InventoryManagement.csproj", "{4471728B-3838-40A9-91C7-D8CBC90A846E}"
EndProject
Global
	GlobalSection(SolutionConfigurationPlatforms) = preSolution
		Debug|Any CPU = Debug|Any CPU
		Release|Any CPU = Release|Any CPU
	EndGlobalSection
	GlobalSection(ProjectConfigurationPlatforms) = postSolution
		{4471728B-3838-40A9-91C7-D8CBC90A846E}.Debug|Any CPU.ActiveCfg = Debug|Any CPU
		{4471728B-3838-40A9-91C7-D8CBC90A846E}.Debug|Any CPU.Build.0 = Debug|Any CPU
		{4471728B-3838-40A9-91C7-D8CBC90A846E}.Release|Any CPU.ActiveCfg = Release|Any CPU
		{4471728B-3838-40A9-91C7-D8CBC90A846E}.Release|Any CPU.Build.0 = Release|Any CPU
	EndGlobalSection
	GlobalSection(SolutionProperties) = preSolution
		HideSolutionNode = FALSE
	EndGlobalSection
	GlobalSection(ExtensibilityGlobals) = postSolution
		SolutionGuid = {EC53B771-738C-4E6C-89D7-07E05B1E47A5}
	EndGlobalSection
EndGlobal
